
Microsoft Visual Studio Solution File, Format Version 12.00
# Visual Studio Version 17
VisualStudioVersion = 17.3.32901.215
MinimumVisualStudioVersion = 10.0.40219.1
Project("{FAE04EC0-301F-11D3-BF4B-00C04F79EFBC}") = "Template", "Template\Template.csproj", "{4246BFA0-7CA9-44B3-909B-F23A8A65B54F}"
EndProject
Global
	GlobalSection(SolutionConfigurationPlatforms) = preSolution
		Debug|Any CPU = Debug|Any CPU
		Release|Any CPU = Release|Any CPU
	EndGlobalSection
	GlobalSection(ProjectConfigurationPlatforms) = postSolution
		{4246BFA0-7CA9-44B3-909B-F23A8A65B54F}.Debug|Any CPU.ActiveCfg = Debug|Any CPU
		{4246BFA0-7CA9-44B3-909B-F23A8A65B54F}.Debug|Any CPU.Build.0 = Debug|Any CPU
		{4246BFA0-7CA9-44B3-909B-F23A8A65B54F}.Release|Any CPU.ActiveCfg = Release|Any CPU
		{4246BFA0-7CA9-44B3-909B-F23A8A65B54F}.Release|Any CPU.Build.0 = Release|Any CPU
	EndGlobalSection
	GlobalSection(SolutionProperties) = preSolution
		HideSolutionNode = FALSE
	EndGlobalSection
	GlobalSection(ExtensibilityGlobals) = postSolution
		SolutionGuid = {9423CE04-FA1E-416E-AC97-B829BF6FFBB4}
	EndGlobalSection
EndGlobal
